// !$*UTF8*$!
{
	archiveVersion = 1;
	classes = {
	};
	objectVersion = 52;
	objects = {

/* Begin PBXBuildFile section */
		25020CA22546CBB900FB2BA4 /* Wellington_CompanionApp.swift in Sources */ = {isa = PBXBuildFile; fileRef = 25020CA12546CBB900FB2BA4 /* Wellington_CompanionApp.swift */; };
		25020CA42546CBB900FB2BA4 /* ContentView.swift in Sources */ = {isa = PBXBuildFile; fileRef = 25020CA32546CBB900FB2BA4 /* ContentView.swift */; };
		25020CA62546CBBC00FB2BA4 /* Assets.xcassets in Resources */ = {isa = PBXBuildFile; fileRef = 25020CA52546CBBC00FB2BA4 /* Assets.xcassets */; };
		25020CA92546CBBC00FB2BA4 /* Preview Assets.xcassets in Resources */ = {isa = PBXBuildFile; fileRef = 25020CA82546CBBC00FB2BA4 /* Preview Assets.xcassets */; };
		25020CAB2546CBBC00FB2BA4 /* Persistence.swift in Sources */ = {isa = PBXBuildFile; fileRef = 25020CAA2546CBBC00FB2BA4 /* Persistence.swift */; };
		25020CAE2546CBBC00FB2BA4 /* Wellington_Companion.xcdatamodeld in Sources */ = {isa = PBXBuildFile; fileRef = 25020CAC2546CBBC00FB2BA4 /* Wellington_Companion.xcdatamodeld */; };
		25067F6525494B1100986EF0 /* RawModels.swift in Sources */ = {isa = PBXBuildFile; fileRef = 25067F6425494B1100986EF0 /* RawModels.swift */; };
		25067F6925494B2500986EF0 /* Models.swift in Sources */ = {isa = PBXBuildFile; fileRef = 25067F6825494B2500986EF0 /* Models.swift */; };
		25067F6C25494B6800986EF0 /* ApiManager.swift in Sources */ = {isa = PBXBuildFile; fileRef = 25067F6B25494B6800986EF0 /* ApiManager.swift */; };
		25067F772549513D00986EF0 /* StopNavigationLink.swift in Sources */ = {isa = PBXBuildFile; fileRef = 25067F762549513D00986EF0 /* StopNavigationLink.swift */; };
		25067F7B2549515000986EF0 /* DetailedStopView.swift in Sources */ = {isa = PBXBuildFile; fileRef = 25067F7A2549515000986EF0 /* DetailedStopView.swift */; };
		25067F7E2549516300986EF0 /* DetailedServiceView.swift in Sources */ = {isa = PBXBuildFile; fileRef = 25067F7D2549516300986EF0 /* DetailedServiceView.swift */; };
		25067F812549517800986EF0 /* StopMapView.swift in Sources */ = {isa = PBXBuildFile; fileRef = 25067F802549517800986EF0 /* StopMapView.swift */; };
		25067F84254951C200986EF0 /* Utils.swift in Sources */ = {isa = PBXBuildFile; fileRef = 25067F83254951C200986EF0 /* Utils.swift */; };
		25067F872549525300986EF0 /* AddStopView.swift in Sources */ = {isa = PBXBuildFile; fileRef = 25067F862549525300986EF0 /* AddStopView.swift */; };
		25244397254A733300287358 /* NoticeView.swift in Sources */ = {isa = PBXBuildFile; fileRef = 25244396254A733300287358 /* NoticeView.swift */; };
		2524439B254A7D0400287358 /* AllStopsMapView.swift in Sources */ = {isa = PBXBuildFile; fileRef = 2524439A254A7D0400287358 /* AllStopsMapView.swift */; };
		2524439E254A7ED500287358 /* stops.csv in Resources */ = {isa = PBXBuildFile; fileRef = 2524439D254A7ED500287358 /* stops.csv */; };
		252443A1254A81BD00287358 /* LocationManager.swift in Sources */ = {isa = PBXBuildFile; fileRef = 252443A0254A81BD00287358 /* LocationManager.swift */; };
		256AAE9D254932780061143B /* AbyssalKit in Frameworks */ = {isa = PBXBuildFile; productRef = 256AAE9C254932780061143B /* AbyssalKit */; };
		256C0B73254E71CA00186F52 /* Introspect in Frameworks */ = {isa = PBXBuildFile; productRef = 256C0B72254E71CA00186F52 /* Introspect */; };
		25DF225C254954E3007434AF /* BusAndTrainView.swift in Sources */ = {isa = PBXBuildFile; fileRef = 25DF225B254954E3007434AF /* BusAndTrainView.swift */; };
		25DF226125495A42007434AF /* AboutView.swift in Sources */ = {isa = PBXBuildFile; fileRef = 25DF226025495A42007434AF /* AboutView.swift */; };
/* End PBXBuildFile section */

/* Begin PBXFileReference section */
		25020C9E2546CBB900FB2BA4 /* Wellington Companion.app */ = {isa = PBXFileReference; explicitFileType = wrapper.application; includeInIndex = 0; path = "Wellington Companion.app"; sourceTree = BUILT_PRODUCTS_DIR; };
		25020CA12546CBB900FB2BA4 /* Wellington_CompanionApp.swift */ = {isa = PBXFileReference; lastKnownFileType = sourcecode.swift; path = Wellington_CompanionApp.swift; sourceTree = "<group>"; };
		25020CA32546CBB900FB2BA4 /* ContentView.swift */ = {isa = PBXFileReference; lastKnownFileType = sourcecode.swift; path = ContentView.swift; sourceTree = "<group>"; };
		25020CA52546CBBC00FB2BA4 /* Assets.xcassets */ = {isa = PBXFileReference; lastKnownFileType = folder.assetcatalog; path = Assets.xcassets; sourceTree = "<group>"; };
		25020CA82546CBBC00FB2BA4 /* Preview Assets.xcassets */ = {isa = PBXFileReference; lastKnownFileType = folder.assetcatalog; path = "Preview Assets.xcassets"; sourceTree = "<group>"; };
		25020CAA2546CBBC00FB2BA4 /* Persistence.swift */ = {isa = PBXFileReference; lastKnownFileType = sourcecode.swift; path = Persistence.swift; sourceTree = "<group>"; };
		25020CAD2546CBBC00FB2BA4 /* Wellington_Companion.xcdatamodel */ = {isa = PBXFileReference; lastKnownFileType = wrapper.xcdatamodel; path = Wellington_Companion.xcdatamodel; sourceTree = "<group>"; };
		25020CAF2546CBBC00FB2BA4 /* Info.plist */ = {isa = PBXFileReference; lastKnownFileType = text.plist.xml; path = Info.plist; sourceTree = "<group>"; };
		25067F6425494B1100986EF0 /* RawModels.swift */ = {isa = PBXFileReference; lastKnownFileType = sourcecode.swift; path = RawModels.swift; sourceTree = "<group>"; };
		25067F6825494B2500986EF0 /* Models.swift */ = {isa = PBXFileReference; lastKnownFileType = sourcecode.swift; path = Models.swift; sourceTree = "<group>"; };
		25067F6B25494B6800986EF0 /* ApiManager.swift */ = {isa = PBXFileReference; lastKnownFileType = sourcecode.swift; path = ApiManager.swift; sourceTree = "<group>"; };
		25067F6F25494C8A00986EF0 /* Wellington Companion.entitlements */ = {isa = PBXFileReference; lastKnownFileType = text.plist.entitlements; path = "Wellington Companion.entitlements"; sourceTree = "<group>"; };
		25067F762549513D00986EF0 /* StopNavigationLink.swift */ = {isa = PBXFileReference; lastKnownFileType = sourcecode.swift; path = StopNavigationLink.swift; sourceTree = "<group>"; };
		25067F7A2549515000986EF0 /* DetailedStopView.swift */ = {isa = PBXFileReference; lastKnownFileType = sourcecode.swift; path = DetailedStopView.swift; sourceTree = "<group>"; };
		25067F7D2549516300986EF0 /* DetailedServiceView.swift */ = {isa = PBXFileReference; lastKnownFileType = sourcecode.swift; path = DetailedServiceView.swift; sourceTree = "<group>"; };
		25067F802549517800986EF0 /* StopMapView.swift */ = {isa = PBXFileReference; lastKnownFileType = sourcecode.swift; path = StopMapView.swift; sourceTree = "<group>"; };
		25067F83254951C200986EF0 /* Utils.swift */ = {isa = PBXFileReference; lastKnownFileType = sourcecode.swift; path = Utils.swift; sourceTree = "<group>"; };
		25067F862549525300986EF0 /* AddStopView.swift */ = {isa = PBXFileReference; lastKnownFileType = sourcecode.swift; path = AddStopView.swift; sourceTree = "<group>"; };
		25244396254A733300287358 /* NoticeView.swift */ = {isa = PBXFileReference; lastKnownFileType = sourcecode.swift; path = NoticeView.swift; sourceTree = "<group>"; };
		2524439A254A7D0400287358 /* AllStopsMapView.swift */ = {isa = PBXFileReference; lastKnownFileType = sourcecode.swift; path = AllStopsMapView.swift; sourceTree = "<group>"; };
		2524439D254A7ED500287358 /* stops.csv */ = {isa = PBXFileReference; fileEncoding = 4; lastKnownFileType = text; path = stops.csv; sourceTree = "<group>"; };
		252443A0254A81BD00287358 /* LocationManager.swift */ = {isa = PBXFileReference; lastKnownFileType = sourcecode.swift; path = LocationManager.swift; sourceTree = "<group>"; };
		25DF225B254954E3007434AF /* BusAndTrainView.swift */ = {isa = PBXFileReference; lastKnownFileType = sourcecode.swift; path = BusAndTrainView.swift; sourceTree = "<group>"; };
		25DF226025495A42007434AF /* AboutView.swift */ = {isa = PBXFileReference; lastKnownFileType = sourcecode.swift; path = AboutView.swift; sourceTree = "<group>"; };
/* End PBXFileReference section */

/* Begin PBXFrameworksBuildPhase section */
		25020C9B2546CBB900FB2BA4 /* Frameworks */ = {
			isa = PBXFrameworksBuildPhase;
			buildActionMask = 2147483647;
			files = (
				256AAE9D254932780061143B /* AbyssalKit in Frameworks */,
				256C0B73254E71CA00186F52 /* Introspect in Frameworks */,
			);
			runOnlyForDeploymentPostprocessing = 0;
		};
/* End PBXFrameworksBuildPhase section */

/* Begin PBXGroup section */
		25020C952546CBB900FB2BA4 = {
			isa = PBXGroup;
			children = (
				25020CA02546CBB900FB2BA4 /* Wellington Companion */,
				25020C9F2546CBB900FB2BA4 /* Products */,
			);
			sourceTree = "<group>";
		};
		25020C9F2546CBB900FB2BA4 /* Products */ = {
			isa = PBXGroup;
			children = (
				25020C9E2546CBB900FB2BA4 /* Wellington Companion.app */,
			);
			name = Products;
			sourceTree = "<group>";
		};
		25020CA02546CBB900FB2BA4 /* Wellington Companion */ = {
			isa = PBXGroup;
			children = (
				2524439D254A7ED500287358 /* stops.csv */,
				25067F752549511400986EF0 /* Views */,
				25067F6F25494C8A00986EF0 /* Wellington Companion.entitlements */,
				25067F6325494B0300986EF0 /* Api */,
				25020CA12546CBB900FB2BA4 /* Wellington_CompanionApp.swift */,
				25020CA52546CBBC00FB2BA4 /* Assets.xcassets */,
				25020CAA2546CBBC00FB2BA4 /* Persistence.swift */,
				25020CAF2546CBBC00FB2BA4 /* Info.plist */,
				25020CAC2546CBBC00FB2BA4 /* Wellington_Companion.xcdatamodeld */,
				25020CA72546CBBC00FB2BA4 /* Preview Content */,
				25067F83254951C200986EF0 /* Utils.swift */,
			);
			path = "Wellington Companion";
			sourceTree = "<group>";
		};
		25020CA72546CBBC00FB2BA4 /* Preview Content */ = {
			isa = PBXGroup;
			children = (
				25020CA82546CBBC00FB2BA4 /* Preview Assets.xcassets */,
			);
			path = "Preview Content";
			sourceTree = "<group>";
		};
		25067F6325494B0300986EF0 /* Api */ = {
			isa = PBXGroup;
			children = (
				25067F6425494B1100986EF0 /* RawModels.swift */,
				25067F6825494B2500986EF0 /* Models.swift */,
				25067F6B25494B6800986EF0 /* ApiManager.swift */,
				252443A0254A81BD00287358 /* LocationManager.swift */,
			);
			path = Api;
			sourceTree = "<group>";
		};
		25067F752549511400986EF0 /* Views */ = {
			isa = PBXGroup;
			children = (
				25DF225F25495A3B007434AF /* About */,
				25DF225E25495A32007434AF /* BusAndTrain */,
				25020CA32546CBB900FB2BA4 /* ContentView.swift */,
			);
			path = Views;
			sourceTree = "<group>";
		};
		25DF225E25495A32007434AF /* BusAndTrain */ = {
			isa = PBXGroup;
			children = (
				25067F762549513D00986EF0 /* StopNavigationLink.swift */,
				25244396254A733300287358 /* NoticeView.swift */,
				25067F7A2549515000986EF0 /* DetailedStopView.swift */,
				25067F7D2549516300986EF0 /* DetailedServiceView.swift */,
				25067F802549517800986EF0 /* StopMapView.swift */,
				25067F862549525300986EF0 /* AddStopView.swift */,
				25DF225B254954E3007434AF /* BusAndTrainView.swift */,
				2524439A254A7D0400287358 /* AllStopsMapView.swift */,
			);
			path = BusAndTrain;
			sourceTree = "<group>";
		};
		25DF225F25495A3B007434AF /* About */ = {
			isa = PBXGroup;
			children = (
				25DF226025495A42007434AF /* AboutView.swift */,
			);
			path = About;
			sourceTree = "<group>";
		};
/* End PBXGroup section */

/* Begin PBXNativeTarget section */
		25020C9D2546CBB900FB2BA4 /* Wellington Companion */ = {
			isa = PBXNativeTarget;
			buildConfigurationList = 25020CB22546CBBC00FB2BA4 /* Build configuration list for PBXNativeTarget "Wellington Companion" */;
			buildPhases = (
				25020C9A2546CBB900FB2BA4 /* Sources */,
				25020C9B2546CBB900FB2BA4 /* Frameworks */,
				25020C9C2546CBB900FB2BA4 /* Resources */,
			);
			buildRules = (
			);
			dependencies = (
			);
			name = "Wellington Companion";
			packageProductDependencies = (
				256AAE9C254932780061143B /* AbyssalKit */,
				256C0B72254E71CA00186F52 /* Introspect */,
			);
			productName = "Wellington Companion";
			productReference = 25020C9E2546CBB900FB2BA4 /* Wellington Companion.app */;
			productType = "com.apple.product-type.application";
		};
/* End PBXNativeTarget section */

/* Begin PBXProject section */
		25020C962546CBB900FB2BA4 /* Project object */ = {
			isa = PBXProject;
			attributes = {
				LastSwiftUpdateCheck = 1200;
				LastUpgradeCheck = 1200;
				TargetAttributes = {
					25020C9D2546CBB900FB2BA4 = {
						CreatedOnToolsVersion = 12.0.1;
					};
				};
			};
			buildConfigurationList = 25020C992546CBB900FB2BA4 /* Build configuration list for PBXProject "Wellington Companion" */;
			compatibilityVersion = "Xcode 9.3";
			developmentRegion = en;
			hasScannedForEncodings = 0;
			knownRegions = (
				en,
				Base,
			);
			mainGroup = 25020C952546CBB900FB2BA4;
			packageReferences = (
				256AAE9B254932780061143B /* XCRemoteSwiftPackageReference "AbyssalKit" */,
				256C0B71254E71CA00186F52 /* XCRemoteSwiftPackageReference "SwiftUI-Introspect" */,
			);
			productRefGroup = 25020C9F2546CBB900FB2BA4 /* Products */;
			projectDirPath = "";
			projectRoot = "";
			targets = (
				25020C9D2546CBB900FB2BA4 /* Wellington Companion */,
			);
		};
/* End PBXProject section */

/* Begin PBXResourcesBuildPhase section */
		25020C9C2546CBB900FB2BA4 /* Resources */ = {
			isa = PBXResourcesBuildPhase;
			buildActionMask = 2147483647;
			files = (
				25020CA92546CBBC00FB2BA4 /* Preview Assets.xcassets in Resources */,
				2524439E254A7ED500287358 /* stops.csv in Resources */,
				25020CA62546CBBC00FB2BA4 /* Assets.xcassets in Resources */,
			);
			runOnlyForDeploymentPostprocessing = 0;
		};
/* End PBXResourcesBuildPhase section */

/* Begin PBXSourcesBuildPhase section */
		25020C9A2546CBB900FB2BA4 /* Sources */ = {
			isa = PBXSourcesBuildPhase;
			buildActionMask = 2147483647;
			files = (
				25067F7E2549516300986EF0 /* DetailedServiceView.swift in Sources */,
				25020CAB2546CBBC00FB2BA4 /* Persistence.swift in Sources */,
				25067F812549517800986EF0 /* StopMapView.swift in Sources */,
				25020CAE2546CBBC00FB2BA4 /* Wellington_Companion.xcdatamodeld in Sources */,
				25DF226125495A42007434AF /* AboutView.swift in Sources */,
				25DF225C254954E3007434AF /* BusAndTrainView.swift in Sources */,
				25020CA42546CBB900FB2BA4 /* ContentView.swift in Sources */,
				25067F6C25494B6800986EF0 /* ApiManager.swift in Sources */,
				252443A1254A81BD00287358 /* LocationManager.swift in Sources */,
				25244397254A733300287358 /* NoticeView.swift in Sources */,
				25067F6925494B2500986EF0 /* Models.swift in Sources */,
				25020CA22546CBB900FB2BA4 /* Wellington_CompanionApp.swift in Sources */,
				2524439B254A7D0400287358 /* AllStopsMapView.swift in Sources */,
				25067F6525494B1100986EF0 /* RawModels.swift in Sources */,
				25067F7B2549515000986EF0 /* DetailedStopView.swift in Sources */,
				25067F772549513D00986EF0 /* StopNavigationLink.swift in Sources */,
				25067F84254951C200986EF0 /* Utils.swift in Sources */,
				25067F872549525300986EF0 /* AddStopView.swift in Sources */,
			);
			runOnlyForDeploymentPostprocessing = 0;
		};
/* End PBXSourcesBuildPhase section */

/* Begin XCBuildConfiguration section */
		25020CB02546CBBC00FB2BA4 /* Debug */ = {
			isa = XCBuildConfiguration;
			buildSettings = {
				ALWAYS_SEARCH_USER_PATHS = NO;
				CLANG_ANALYZER_NONNULL = YES;
				CLANG_ANALYZER_NUMBER_OBJECT_CONVERSION = YES_AGGRESSIVE;
				CLANG_CXX_LANGUAGE_STANDARD = "gnu++14";
				CLANG_CXX_LIBRARY = "libc++";
				CLANG_ENABLE_MODULES = YES;
				CLANG_ENABLE_OBJC_ARC = YES;
				CLANG_ENABLE_OBJC_WEAK = YES;
				CLANG_WARN_BLOCK_CAPTURE_AUTORELEASING = YES;
				CLANG_WARN_BOOL_CONVERSION = YES;
				CLANG_WARN_COMMA = YES;
				CLANG_WARN_CONSTANT_CONVERSION = YES;
				CLANG_WARN_DEPRECATED_OBJC_IMPLEMENTATIONS = YES;
				CLANG_WARN_DIRECT_OBJC_ISA_USAGE = YES_ERROR;
				CLANG_WARN_DOCUMENTATION_COMMENTS = YES;
				CLANG_WARN_EMPTY_BODY = YES;
				CLANG_WARN_ENUM_CONVERSION = YES;
				CLANG_WARN_INFINITE_RECURSION = YES;
				CLANG_WARN_INT_CONVERSION = YES;
				CLANG_WARN_NON_LITERAL_NULL_CONVERSION = YES;
				CLANG_WARN_OBJC_IMPLICIT_RETAIN_SELF = YES;
				CLANG_WARN_OBJC_LITERAL_CONVERSION = YES;
				CLANG_WARN_OBJC_ROOT_CLASS = YES_ERROR;
				CLANG_WARN_QUOTED_INCLUDE_IN_FRAMEWORK_HEADER = YES;
				CLANG_WARN_RANGE_LOOP_ANALYSIS = YES;
				CLANG_WARN_STRICT_PROTOTYPES = YES;
				CLANG_WARN_SUSPICIOUS_MOVE = YES;
				CLANG_WARN_UNGUARDED_AVAILABILITY = YES_AGGRESSIVE;
				CLANG_WARN_UNREACHABLE_CODE = YES;
				CLANG_WARN__DUPLICATE_METHOD_MATCH = YES;
				COPY_PHASE_STRIP = NO;
				DEBUG_INFORMATION_FORMAT = dwarf;
				ENABLE_STRICT_OBJC_MSGSEND = YES;
				ENABLE_TESTABILITY = YES;
				GCC_C_LANGUAGE_STANDARD = gnu11;
				GCC_DYNAMIC_NO_PIC = NO;
				GCC_NO_COMMON_BLOCKS = YES;
				GCC_OPTIMIZATION_LEVEL = 0;
				GCC_PREPROCESSOR_DEFINITIONS = (
					"DEBUG=1",
					"$(inherited)",
				);
				GCC_WARN_64_TO_32_BIT_CONVERSION = YES;
				GCC_WARN_ABOUT_RETURN_TYPE = YES_ERROR;
				GCC_WARN_UNDECLARED_SELECTOR = YES;
				GCC_WARN_UNINITIALIZED_AUTOS = YES_AGGRESSIVE;
				GCC_WARN_UNUSED_FUNCTION = YES;
				GCC_WARN_UNUSED_VARIABLE = YES;
				IPHONEOS_DEPLOYMENT_TARGET = 14.0;
				MTL_ENABLE_DEBUG_INFO = INCLUDE_SOURCE;
				MTL_FAST_MATH = YES;
				ONLY_ACTIVE_ARCH = YES;
				SDKROOT = iphoneos;
				SWIFT_ACTIVE_COMPILATION_CONDITIONS = DEBUG;
				SWIFT_OPTIMIZATION_LEVEL = "-Onone";
			};
			name = Debug;
		};
		25020CB12546CBBC00FB2BA4 /* Release */ = {
			isa = XCBuildConfiguration;
			buildSettings = {
				ALWAYS_SEARCH_USER_PATHS = NO;
				CLANG_ANALYZER_NONNULL = YES;
				CLANG_ANALYZER_NUMBER_OBJECT_CONVERSION = YES_AGGRESSIVE;
				CLANG_CXX_LANGUAGE_STANDARD = "gnu++14";
				CLANG_CXX_LIBRARY = "libc++";
				CLANG_ENABLE_MODULES = YES;
				CLANG_ENABLE_OBJC_ARC = YES;
				CLANG_ENABLE_OBJC_WEAK = YES;
				CLANG_WARN_BLOCK_CAPTURE_AUTORELEASING = YES;
				CLANG_WARN_BOOL_CONVERSION = YES;
				CLANG_WARN_COMMA = YES;
				CLANG_WARN_CONSTANT_CONVERSION = YES;
				CLANG_WARN_DEPRECATED_OBJC_IMPLEMENTATIONS = YES;
				CLANG_WARN_DIRECT_OBJC_ISA_USAGE = YES_ERROR;
				CLANG_WARN_DOCUMENTATION_COMMENTS = YES;
				CLANG_WARN_EMPTY_BODY = YES;
				CLANG_WARN_ENUM_CONVERSION = YES;
				CLANG_WARN_INFINITE_RECURSION = YES;
				CLANG_WARN_INT_CONVERSION = YES;
				CLANG_WARN_NON_LITERAL_NULL_CONVERSION = YES;
				CLANG_WARN_OBJC_IMPLICIT_RETAIN_SELF = YES;
				CLANG_WARN_OBJC_LITERAL_CONVERSION = YES;
				CLANG_WARN_OBJC_ROOT_CLASS = YES_ERROR;
				CLANG_WARN_QUOTED_INCLUDE_IN_FRAMEWORK_HEADER = YES;
				CLANG_WARN_RANGE_LOOP_ANALYSIS = YES;
				CLANG_WARN_STRICT_PROTOTYPES = YES;
				CLANG_WARN_SUSPICIOUS_MOVE = YES;
				CLANG_WARN_UNGUARDED_AVAILABILITY = YES_AGGRESSIVE;
				CLANG_WARN_UNREACHABLE_CODE = YES;
				CLANG_WARN__DUPLICATE_METHOD_MATCH = YES;
				COPY_PHASE_STRIP = NO;
				DEBUG_INFORMATION_FORMAT = "dwarf-with-dsym";
				ENABLE_NS_ASSERTIONS = NO;
				ENABLE_STRICT_OBJC_MSGSEND = YES;
				GCC_C_LANGUAGE_STANDARD = gnu11;
				GCC_NO_COMMON_BLOCKS = YES;
				GCC_WARN_64_TO_32_BIT_CONVERSION = YES;
				GCC_WARN_ABOUT_RETURN_TYPE = YES_ERROR;
				GCC_WARN_UNDECLARED_SELECTOR = YES;
				GCC_WARN_UNINITIALIZED_AUTOS = YES_AGGRESSIVE;
				GCC_WARN_UNUSED_FUNCTION = YES;
				GCC_WARN_UNUSED_VARIABLE = YES;
				IPHONEOS_DEPLOYMENT_TARGET = 14.0;
				MTL_ENABLE_DEBUG_INFO = NO;
				MTL_FAST_MATH = YES;
				SDKROOT = iphoneos;
				SWIFT_COMPILATION_MODE = wholemodule;
				SWIFT_OPTIMIZATION_LEVEL = "-O";
				VALIDATE_PRODUCT = YES;
			};
			name = Release;
		};
		25020CB32546CBBC00FB2BA4 /* Debug */ = {
			isa = XCBuildConfiguration;
			buildSettings = {
				ASSETCATALOG_COMPILER_APPICON_NAME = AppIcon;
				ASSETCATALOG_COMPILER_GLOBAL_ACCENT_COLOR_NAME = AccentColor;
				CODE_SIGN_ENTITLEMENTS = "Wellington Companion/Wellington Companion.entitlements";
				"CODE_SIGN_IDENTITY[sdk=macosx*]" = "Apple Development";
				CODE_SIGN_STYLE = Automatic;
				DEVELOPMENT_ASSET_PATHS = "\"Wellington Companion/Preview Content\"";
				DEVELOPMENT_TEAM = LRZRFZU4FM;
				ENABLE_PREVIEWS = YES;
				INFOPLIST_FILE = "Wellington Companion/Info.plist";
				IPHONEOS_DEPLOYMENT_TARGET = 14.0;
				LD_RUNPATH_SEARCH_PATHS = (
					"$(inherited)",
					"@executable_path/Frameworks",
				);
				PRODUCT_BUNDLE_IDENTIFIER = "com.jacksonrakena.Wellington-Companion";
				PRODUCT_NAME = "$(TARGET_NAME)";
				SUPPORTS_MACCATALYST = NO;
				SWIFT_VERSION = 5.0;
				TARGETED_DEVICE_FAMILY = "1,2";
			};
			name = Debug;
		};
		25020CB42546CBBC00FB2BA4 /* Release */ = {
			isa = XCBuildConfiguration;
			buildSettings = {
				ASSETCATALOG_COMPILER_APPICON_NAME = AppIcon;
				ASSETCATALOG_COMPILER_GLOBAL_ACCENT_COLOR_NAME = AccentColor;
				CODE_SIGN_ENTITLEMENTS = "Wellington Companion/Wellington Companion.entitlements";
				"CODE_SIGN_IDENTITY[sdk=macosx*]" = "Apple Development";
				CODE_SIGN_STYLE = Automatic;
				DEVELOPMENT_ASSET_PATHS = "\"Wellington Companion/Preview Content\"";
				DEVELOPMENT_TEAM = LRZRFZU4FM;
				ENABLE_PREVIEWS = YES;
				INFOPLIST_FILE = "Wellington Companion/Info.plist";
				IPHONEOS_DEPLOYMENT_TARGET = 14.0;
				LD_RUNPATH_SEARCH_PATHS = (
					"$(inherited)",
					"@executable_path/Frameworks",
				);
				PRODUCT_BUNDLE_IDENTIFIER = "com.jacksonrakena.Wellington-Companion";
				PRODUCT_NAME = "$(TARGET_NAME)";
				SUPPORTS_MACCATALYST = NO;
				SWIFT_VERSION = 5.0;
				TARGETED_DEVICE_FAMILY = "1,2";
			};
			name = Release;
		};
/* End XCBuildConfiguration section */

/* Begin XCConfigurationList section */
		25020C992546CBB900FB2BA4 /* Build configuration list for PBXProject "Wellington Companion" */ = {
			isa = XCConfigurationList;
			buildConfigurations = (
				25020CB02546CBBC00FB2BA4 /* Debug */,
				25020CB12546CBBC00FB2BA4 /* Release */,
			);
			defaultConfigurationIsVisible = 0;
			defaultConfigurationName = Release;
		};
		25020CB22546CBBC00FB2BA4 /* Build configuration list for PBXNativeTarget "Wellington Companion" */ = {
			isa = XCConfigurationList;
			buildConfigurations = (
				25020CB32546CBBC00FB2BA4 /* Debug */,
				25020CB42546CBBC00FB2BA4 /* Release */,
			);
			defaultConfigurationIsVisible = 0;
			defaultConfigurationName = Release;
		};
/* End XCConfigurationList section */

/* Begin XCRemoteSwiftPackageReference section */
		256AAE9B254932780061143B /* XCRemoteSwiftPackageReference "AbyssalKit" */ = {
			isa = XCRemoteSwiftPackageReference;
			repositoryURL = "https://github.com/abyssal/AbyssalKit.git";
			requirement = {
				branch = main;
				kind = branch;
			};
		};
		256C0B71254E71CA00186F52 /* XCRemoteSwiftPackageReference "SwiftUI-Introspect" */ = {
			isa = XCRemoteSwiftPackageReference;
			repositoryURL = "https://github.com/siteline/SwiftUI-Introspect.git";
			requirement = {
				kind = upToNextMajorVersion;
				minimumVersion = 0.1.1;
			};
		};
/* End XCRemoteSwiftPackageReference section */

/* Begin XCSwiftPackageProductDependency section */
		256AAE9C254932780061143B /* AbyssalKit */ = {
			isa = XCSwiftPackageProductDependency;
			package = 256AAE9B254932780061143B /* XCRemoteSwiftPackageReference "AbyssalKit" */;
			productName = AbyssalKit;
		};
		256C0B72254E71CA00186F52 /* Introspect */ = {
			isa = XCSwiftPackageProductDependency;
			package = 256C0B71254E71CA00186F52 /* XCRemoteSwiftPackageReference "SwiftUI-Introspect" */;
			productName = Introspect;
		};
/* End XCSwiftPackageProductDependency section */

/* Begin XCVersionGroup section */
		25020CAC2546CBBC00FB2BA4 /* Wellington_Companion.xcdatamodeld */ = {
			isa = XCVersionGroup;
			children = (
				25020CAD2546CBBC00FB2BA4 /* Wellington_Companion.xcdatamodel */,
			);
			currentVersion = 25020CAD2546CBBC00FB2BA4 /* Wellington_Companion.xcdatamodel */;
			path = Wellington_Companion.xcdatamodeld;
			sourceTree = "<group>";
			versionGroupType = wrapper.xcdatamodel;
		};
/* End XCVersionGroup section */
	};
	rootObject = 25020C962546CBB900FB2BA4 /* Project object */;
}
